PODS:
  - GoogleMaps (3.1.0):
    - GoogleMaps/Maps (= 3.1.0)
  - GoogleMaps/Base (3.1.0)
  - GoogleMaps/Maps (3.1.0):
    - GoogleMaps/Base
  - PinLayout (1.8.7)

DEPENDENCIES:
  - GoogleMaps
  - PinLayout

SPEC REPOS:
  https://github.com/cocoapods/specs.git:
    - GoogleMaps
    - PinLayout

SPEC CHECKSUMS:
  GoogleMaps: 5c13302e6fe6bb6e686b267196586b91cd594225
  PinLayout: a0722a5c8f0e0168a9c091ffe4930dabf0c8582c

PODFILE CHECKSUM: 6c5f5afe7a1dbb51e60fd2e332ac008085dee84e

COCOAPODS: 1.6.1
