// !$*UTF8*$!
{
	archiveVersion = 1;
	classes = {
	};
	objectVersion = 50;
	objects = {

/* Begin PBXBuildFile section */
		050C4185995C182705F6F91F /* Pods_Route_TrackerUITests.framework in Frameworks */ = {isa = PBXBuildFile; fileRef = F05E9DF57DA6AD0A9EA7963F /* Pods_Route_TrackerUITests.framework */; };
		0A03AA6CE720F878B4E8AABA /* Pods_Route_TrackerTests.framework in Frameworks */ = {isa = PBXBuildFile; fileRef = 55E4B18E236C6C3A8FEBCA68 /* Pods_Route_TrackerTests.framework */; };
		1B5CA6AE8E92DD31FEEB0275 /* Pods_Route_Tracker.framework in Frameworks */ = {isa = PBXBuildFile; fileRef = 2C0FE576EEDD7773641741A4 /* Pods_Route_Tracker.framework */; };
		84B7A7CD23013F8F001B4E92 /* BaseCoordinator.swift in Sources */ = {isa = PBXBuildFile; fileRef = 84B7A7CC23013F8F001B4E92 /* BaseCoordinator.swift */; };
		84B7A7CF23014034001B4E92 /* ApplicationCoordinator.swift in Sources */ = {isa = PBXBuildFile; fileRef = 84B7A7CE23014034001B4E92 /* ApplicationCoordinator.swift */; };
		84B7A7D1230141CC001B4E92 /* LoginCoordinator.swift in Sources */ = {isa = PBXBuildFile; fileRef = 84B7A7D0230141CC001B4E92 /* LoginCoordinator.swift */; };
		84B7A7D323014369001B4E92 /* MainCoordinator.swift in Sources */ = {isa = PBXBuildFile; fileRef = 84B7A7D223014369001B4E92 /* MainCoordinator.swift */; };
		84B7A7D523015831001B4E92 /* RegistrationCoordinator.swift in Sources */ = {isa = PBXBuildFile; fileRef = 84B7A7D423015831001B4E92 /* RegistrationCoordinator.swift */; };
		84B7A7D723015869001B4E92 /* RecoveryCoordinator.swift in Sources */ = {isa = PBXBuildFile; fileRef = 84B7A7D623015869001B4E92 /* RecoveryCoordinator.swift */; };
		84B7A7D9230171F2001B4E92 /* MapCoordinator.swift in Sources */ = {isa = PBXBuildFile; fileRef = 84B7A7D8230171F2001B4E92 /* MapCoordinator.swift */; };
		AA1831D022C8D97400BA0CB8 /* AppDelegate.swift in Sources */ = {isa = PBXBuildFile; fileRef = AA1831CF22C8D97400BA0CB8 /* AppDelegate.swift */; };
		AA1831D722C8D97700BA0CB8 /* Assets.xcassets in Resources */ = {isa = PBXBuildFile; fileRef = AA1831D622C8D97700BA0CB8 /* Assets.xcassets */; };
		AA1831DA22C8D97700BA0CB8 /* LaunchScreen.storyboard in Resources */ = {isa = PBXBuildFile; fileRef = AA1831D822C8D97700BA0CB8 /* LaunchScreen.storyboard */; };
		AA1831E522C8D97700BA0CB8 /* Route_TrackerTests.swift in Sources */ = {isa = PBXBuildFile; fileRef = AA1831E422C8D97700BA0CB8 /* Route_TrackerTests.swift */; };
		AA1831F022C8D97700BA0CB8 /* Route_TrackerUITests.swift in Sources */ = {isa = PBXBuildFile; fileRef = AA1831EF22C8D97700BA0CB8 /* Route_TrackerUITests.swift */; };
		AA18320722C8DE2C00BA0CB8 /* Map.storyboard in Resources */ = {isa = PBXBuildFile; fileRef = AA18320622C8DE2C00BA0CB8 /* Map.storyboard */; };
		AA18320922C8DE5100BA0CB8 /* MapViewController.swift in Sources */ = {isa = PBXBuildFile; fileRef = AA18320822C8DE5100BA0CB8 /* MapViewController.swift */; };
		AA18320C22C8E19400BA0CB8 /* GMSMapViewExtension.swift in Sources */ = {isa = PBXBuildFile; fileRef = AA18320B22C8E19400BA0CB8 /* GMSMapViewExtension.swift */; };
		AA1885A922E49253003658F6 /* RealmService.swift in Sources */ = {isa = PBXBuildFile; fileRef = AA1885A822E49253003658F6 /* RealmService.swift */; };
		AA1885AB22E493DA003658F6 /* Coordinate.swift in Sources */ = {isa = PBXBuildFile; fileRef = AA1885AA22E493DA003658F6 /* Coordinate.swift */; };
		AA1885AD22E4A4FD003658F6 /* LocalRouteFactory.swift in Sources */ = {isa = PBXBuildFile; fileRef = AA1885AC22E4A4FD003658F6 /* LocalRouteFactory.swift */; };
		AAB9359B22FF275500232822 /* Login.storyboard in Resources */ = {isa = PBXBuildFile; fileRef = AAB9359A22FF275500232822 /* Login.storyboard */; };
		AAB9359D22FF282B00232822 /* LoginViewController.swift in Sources */ = {isa = PBXBuildFile; fileRef = AAB9359C22FF282B00232822 /* LoginViewController.swift */; };
		AAB935A022FF2A3100232822 /* Recovery.storyboard in Resources */ = {isa = PBXBuildFile; fileRef = AAB9359F22FF2A3100232822 /* Recovery.storyboard */; };
		AAB935A222FF2A9B00232822 /* RecoveryViewController.swift in Sources */ = {isa = PBXBuildFile; fileRef = AAB935A122FF2A9B00232822 /* RecoveryViewController.swift */; };
		AAB935A522FF2BBB00232822 /* Main.storyboard in Resources */ = {isa = PBXBuildFile; fileRef = AAB935A422FF2BBB00232822 /* Main.storyboard */; };
		AAB935A722FF2BC600232822 /* MainViewController.swift in Sources */ = {isa = PBXBuildFile; fileRef = AAB935A622FF2BC600232822 /* MainViewController.swift */; };
		AAB935AA22FF2F8100232822 /* Registration.storyboard in Resources */ = {isa = PBXBuildFile; fileRef = AAB935A922FF2F8100232822 /* Registration.storyboard */; };
		AAB935AC22FF2F9200232822 /* RegistrationViewController.swift in Sources */ = {isa = PBXBuildFile; fileRef = AAB935AB22FF2F9200232822 /* RegistrationViewController.swift */; };
		AAB935B322FF347300232822 /* ViewControllerNavigationExtension.swift in Sources */ = {isa = PBXBuildFile; fileRef = AAB935B222FF347300232822 /* ViewControllerNavigationExtension.swift */; };
		AAB935B522FF34C200232822 /* BaseRouter.swift in Sources */ = {isa = PBXBuildFile; fileRef = AAB935B422FF34C200232822 /* BaseRouter.swift */; };
		AAB935BF22FF3CF100232822 /* User.swift in Sources */ = {isa = PBXBuildFile; fileRef = AAB935BE22FF3CF100232822 /* User.swift */; };
		AAB935C122FF3DDD00232822 /* RealmUserManager.swift in Sources */ = {isa = PBXBuildFile; fileRef = AAB935C022FF3DDD00232822 /* RealmUserManager.swift */; };
		AAB935C422FF41D200232822 /* AbstractUserManager.swift in Sources */ = {isa = PBXBuildFile; fileRef = AAB935C322FF41D200232822 /* AbstractUserManager.swift */; };
		AAB935C622FF424900232822 /* UserManagerFactory.swift in Sources */ = {isa = PBXBuildFile; fileRef = AAB935C522FF424900232822 /* UserManagerFactory.swift */; };
/* End PBXBuildFile section */

/* Begin PBXContainerItemProxy section */
		AA1831E122C8D97700BA0CB8 /* PBXContainerItemProxy */ = {
			isa = PBXContainerItemProxy;
			containerPortal = AA1831C422C8D97400BA0CB8 /* Project object */;
			proxyType = 1;
			remoteGlobalIDString = AA1831CB22C8D97400BA0CB8;
			remoteInfo = "Route Tracker";
		};
		AA1831EC22C8D97700BA0CB8 /* PBXContainerItemProxy */ = {
			isa = PBXContainerItemProxy;
			containerPortal = AA1831C422C8D97400BA0CB8 /* Project object */;
			proxyType = 1;
			remoteGlobalIDString = AA1831CB22C8D97400BA0CB8;
			remoteInfo = "Route Tracker";
		};
/* End PBXContainerItemProxy section */

/* Begin PBXFileReference section */
		2C0FE576EEDD7773641741A4 /* Pods_Route_Tracker.framework */ = {isa = PBXFileReference; explicitFileType = wrapper.framework; includeInIndex = 0; path = Pods_Route_Tracker.framework; sourceTree = BUILT_PRODUCTS_DIR; };
		51876ADBD4B9FF0C1B7F8A4C /* Pods-Route TrackerUITests.release.xcconfig */ = {isa = PBXFileReference; includeInIndex = 1; lastKnownFileType = text.xcconfig; name = "Pods-Route TrackerUITests.release.xcconfig"; path = "Target Support Files/Pods-Route TrackerUITests/Pods-Route TrackerUITests.release.xcconfig"; sourceTree = "<group>"; };
		55E4B18E236C6C3A8FEBCA68 /* Pods_Route_TrackerTests.framework */ = {isa = PBXFileReference; explicitFileType = wrapper.framework; includeInIndex = 0; path = Pods_Route_TrackerTests.framework; sourceTree = BUILT_PRODUCTS_DIR; };
		78A8E4AFB42A87D358422DB9 /* Pods-Route TrackerTests.debug.xcconfig */ = {isa = PBXFileReference; includeInIndex = 1; lastKnownFileType = text.xcconfig; name = "Pods-Route TrackerTests.debug.xcconfig"; path = "Target Support Files/Pods-Route TrackerTests/Pods-Route TrackerTests.debug.xcconfig"; sourceTree = "<group>"; };
		84B7A7CC23013F8F001B4E92 /* BaseCoordinator.swift */ = {isa = PBXFileReference; lastKnownFileType = sourcecode.swift; path = BaseCoordinator.swift; sourceTree = "<group>"; };
		84B7A7CE23014034001B4E92 /* ApplicationCoordinator.swift */ = {isa = PBXFileReference; lastKnownFileType = sourcecode.swift; path = ApplicationCoordinator.swift; sourceTree = "<group>"; };
		84B7A7D0230141CC001B4E92 /* LoginCoordinator.swift */ = {isa = PBXFileReference; lastKnownFileType = sourcecode.swift; path = LoginCoordinator.swift; sourceTree = "<group>"; };
		84B7A7D223014369001B4E92 /* MainCoordinator.swift */ = {isa = PBXFileReference; lastKnownFileType = sourcecode.swift; path = MainCoordinator.swift; sourceTree = "<group>"; };
		84B7A7D423015831001B4E92 /* RegistrationCoordinator.swift */ = {isa = PBXFileReference; lastKnownFileType = sourcecode.swift; path = RegistrationCoordinator.swift; sourceTree = "<group>"; };
		84B7A7D623015869001B4E92 /* RecoveryCoordinator.swift */ = {isa = PBXFileReference; lastKnownFileType = sourcecode.swift; path = RecoveryCoordinator.swift; sourceTree = "<group>"; };
		84B7A7D8230171F2001B4E92 /* MapCoordinator.swift */ = {isa = PBXFileReference; lastKnownFileType = sourcecode.swift; path = MapCoordinator.swift; sourceTree = "<group>"; };
		8527E731A7C02284CCC5E4EB /* Pods-Route Tracker.debug.xcconfig */ = {isa = PBXFileReference; includeInIndex = 1; lastKnownFileType = text.xcconfig; name = "Pods-Route Tracker.debug.xcconfig"; path = "Target Support Files/Pods-Route Tracker/Pods-Route Tracker.debug.xcconfig"; sourceTree = "<group>"; };
		AA1831CC22C8D97400BA0CB8 /* Route Tracker.app */ = {isa = PBXFileReference; explicitFileType = wrapper.application; includeInIndex = 0; path = "Route Tracker.app"; sourceTree = BUILT_PRODUCTS_DIR; };
		AA1831CF22C8D97400BA0CB8 /* AppDelegate.swift */ = {isa = PBXFileReference; lastKnownFileType = sourcecode.swift; path = AppDelegate.swift; sourceTree = "<group>"; };
		AA1831D622C8D97700BA0CB8 /* Assets.xcassets */ = {isa = PBXFileReference; lastKnownFileType = folder.assetcatalog; path = Assets.xcassets; sourceTree = "<group>"; };
		AA1831D922C8D97700BA0CB8 /* Base */ = {isa = PBXFileReference; lastKnownFileType = file.storyboard; name = Base; path = Base.lproj/LaunchScreen.storyboard; sourceTree = "<group>"; };
		AA1831DB22C8D97700BA0CB8 /* Info.plist */ = {isa = PBXFileReference; lastKnownFileType = text.plist.xml; path = Info.plist; sourceTree = "<group>"; };
		AA1831E022C8D97700BA0CB8 /* Route TrackerTests.xctest */ = {isa = PBXFileReference; explicitFileType = wrapper.cfbundle; includeInIndex = 0; path = "Route TrackerTests.xctest"; sourceTree = BUILT_PRODUCTS_DIR; };
		AA1831E422C8D97700BA0CB8 /* Route_TrackerTests.swift */ = {isa = PBXFileReference; lastKnownFileType = sourcecode.swift; path = Route_TrackerTests.swift; sourceTree = "<group>"; };
		AA1831E622C8D97700BA0CB8 /* Info.plist */ = {isa = PBXFileReference; lastKnownFileType = text.plist.xml; path = Info.plist; sourceTree = "<group>"; };
		AA1831EB22C8D97700BA0CB8 /* Route TrackerUITests.xctest */ = {isa = PBXFileReference; explicitFileType = wrapper.cfbundle; includeInIndex = 0; path = "Route TrackerUITests.xctest"; sourceTree = BUILT_PRODUCTS_DIR; };
		AA1831EF22C8D97700BA0CB8 /* Route_TrackerUITests.swift */ = {isa = PBXFileReference; lastKnownFileType = sourcecode.swift; path = Route_TrackerUITests.swift; sourceTree = "<group>"; };
		AA1831F122C8D97700BA0CB8 /* Info.plist */ = {isa = PBXFileReference; lastKnownFileType = text.plist.xml; path = Info.plist; sourceTree = "<group>"; };
		AA18320622C8DE2C00BA0CB8 /* Map.storyboard */ = {isa = PBXFileReference; lastKnownFileType = file.storyboard; path = Map.storyboard; sourceTree = "<group>"; };
		AA18320822C8DE5100BA0CB8 /* MapViewController.swift */ = {isa = PBXFileReference; lastKnownFileType = sourcecode.swift; path = MapViewController.swift; sourceTree = "<group>"; };
		AA18320B22C8E19400BA0CB8 /* GMSMapViewExtension.swift */ = {isa = PBXFileReference; lastKnownFileType = sourcecode.swift; path = GMSMapViewExtension.swift; sourceTree = "<group>"; };
		AA1885A822E49253003658F6 /* RealmService.swift */ = {isa = PBXFileReference; lastKnownFileType = sourcecode.swift; path = RealmService.swift; sourceTree = "<group>"; };
		AA1885AA22E493DA003658F6 /* Coordinate.swift */ = {isa = PBXFileReference; lastKnownFileType = sourcecode.swift; path = Coordinate.swift; sourceTree = "<group>"; };
		AA1885AC22E4A4FD003658F6 /* LocalRouteFactory.swift */ = {isa = PBXFileReference; lastKnownFileType = sourcecode.swift; path = LocalRouteFactory.swift; sourceTree = "<group>"; };
		AAB9359A22FF275500232822 /* Login.storyboard */ = {isa = PBXFileReference; lastKnownFileType = file.storyboard; path = Login.storyboard; sourceTree = "<group>"; };
		AAB9359C22FF282B00232822 /* LoginViewController.swift */ = {isa = PBXFileReference; lastKnownFileType = sourcecode.swift; path = LoginViewController.swift; sourceTree = "<group>"; };
		AAB9359F22FF2A3100232822 /* Recovery.storyboard */ = {isa = PBXFileReference; lastKnownFileType = file.storyboard; path = Recovery.storyboard; sourceTree = "<group>"; };
		AAB935A122FF2A9B00232822 /* RecoveryViewController.swift */ = {isa = PBXFileReference; lastKnownFileType = sourcecode.swift; path = RecoveryViewController.swift; sourceTree = "<group>"; };
		AAB935A422FF2BBB00232822 /* Main.storyboard */ = {isa = PBXFileReference; lastKnownFileType = file.storyboard; path = Main.storyboard; sourceTree = "<group>"; };
		AAB935A622FF2BC600232822 /* MainViewController.swift */ = {isa = PBXFileReference; lastKnownFileType = sourcecode.swift; path = MainViewController.swift; sourceTree = "<group>"; };
		AAB935A922FF2F8100232822 /* Registration.storyboard */ = {isa = PBXFileReference; lastKnownFileType = file.storyboard; path = Registration.storyboard; sourceTree = "<group>"; };
		AAB935AB22FF2F9200232822 /* RegistrationViewController.swift */ = {isa = PBXFileReference; lastKnownFileType = sourcecode.swift; path = RegistrationViewController.swift; sourceTree = "<group>"; };
		AAB935B222FF347300232822 /* ViewControllerNavigationExtension.swift */ = {isa = PBXFileReference; lastKnownFileType = sourcecode.swift; path = ViewControllerNavigationExtension.swift; sourceTree = "<group>"; };
		AAB935B422FF34C200232822 /* BaseRouter.swift */ = {isa = PBXFileReference; lastKnownFileType = sourcecode.swift; path = BaseRouter.swift; sourceTree = "<group>"; };
		AAB935BE22FF3CF100232822 /* User.swift */ = {isa = PBXFileReference; lastKnownFileType = sourcecode.swift; path = User.swift; sourceTree = "<group>"; };
		AAB935C022FF3DDD00232822 /* RealmUserManager.swift */ = {isa = PBXFileReference; lastKnownFileType = sourcecode.swift; path = RealmUserManager.swift; sourceTree = "<group>"; };
		AAB935C322FF41D200232822 /* AbstractUserManager.swift */ = {isa = PBXFileReference; lastKnownFileType = sourcecode.swift; path = AbstractUserManager.swift; sourceTree = "<group>"; };
		AAB935C522FF424900232822 /* UserManagerFactory.swift */ = {isa = PBXFileReference; lastKnownFileType = sourcecode.swift; path = UserManagerFactory.swift; sourceTree = "<group>"; };
		B3BF61B2C823AA938CD52A10 /* Pods-Route TrackerTests.release.xcconfig */ = {isa = PBXFileReference; includeInIndex = 1; lastKnownFileType = text.xcconfig; name = "Pods-Route TrackerTests.release.xcconfig"; path = "Target Support Files/Pods-Route TrackerTests/Pods-Route TrackerTests.release.xcconfig"; sourceTree = "<group>"; };
		BD93BCE45F75D93631E81918 /* Pods-Route TrackerUITests.debug.xcconfig */ = {isa = PBXFileReference; includeInIndex = 1; lastKnownFileType = text.xcconfig; name = "Pods-Route TrackerUITests.debug.xcconfig"; path = "Target Support Files/Pods-Route TrackerUITests/Pods-Route TrackerUITests.debug.xcconfig"; sourceTree = "<group>"; };
		CCB67B00E67543FC0435082F /* Pods-Route Tracker.release.xcconfig */ = {isa = PBXFileReference; includeInIndex = 1; lastKnownFileType = text.xcconfig; name = "Pods-Route Tracker.release.xcconfig"; path = "Target Support Files/Pods-Route Tracker/Pods-Route Tracker.release.xcconfig"; sourceTree = "<group>"; };
		F05E9DF57DA6AD0A9EA7963F /* Pods_Route_TrackerUITests.framework */ = {isa = PBXFileReference; explicitFileType = wrapper.framework; includeInIndex = 0; path = Pods_Route_TrackerUITests.framework; sourceTree = BUILT_PRODUCTS_DIR; };
/* End PBXFileReference section */

/* Begin PBXFrameworksBuildPhase section */
		AA1831C922C8D97400BA0CB8 /* Frameworks */ = {
			isa = PBXFrameworksBuildPhase;
			buildActionMask = 2147483647;
			files = (
				1B5CA6AE8E92DD31FEEB0275 /* Pods_Route_Tracker.framework in Frameworks */,
			);
			runOnlyForDeploymentPostprocessing = 0;
		};
		AA1831DD22C8D97700BA0CB8 /* Frameworks */ = {
			isa = PBXFrameworksBuildPhase;
			buildActionMask = 2147483647;
			files = (
				0A03AA6CE720F878B4E8AABA /* Pods_Route_TrackerTests.framework in Frameworks */,
			);
			runOnlyForDeploymentPostprocessing = 0;
		};
		AA1831E822C8D97700BA0CB8 /* Frameworks */ = {
			isa = PBXFrameworksBuildPhase;
			buildActionMask = 2147483647;
			files = (
				050C4185995C182705F6F91F /* Pods_Route_TrackerUITests.framework in Frameworks */,
			);
			runOnlyForDeploymentPostprocessing = 0;
		};
/* End PBXFrameworksBuildPhase section */

/* Begin PBXGroup section */
		44E70C65ABC308A92536AD71 /* Frameworks */ = {
			isa = PBXGroup;
			children = (
				2C0FE576EEDD7773641741A4 /* Pods_Route_Tracker.framework */,
				55E4B18E236C6C3A8FEBCA68 /* Pods_Route_TrackerTests.framework */,
				F05E9DF57DA6AD0A9EA7963F /* Pods_Route_TrackerUITests.framework */,
			);
			name = Frameworks;
			sourceTree = "<group>";
		};
		4AB0624976D6BBE242159362 /* Pods */ = {
			isa = PBXGroup;
			children = (
				8527E731A7C02284CCC5E4EB /* Pods-Route Tracker.debug.xcconfig */,
				CCB67B00E67543FC0435082F /* Pods-Route Tracker.release.xcconfig */,
				78A8E4AFB42A87D358422DB9 /* Pods-Route TrackerTests.debug.xcconfig */,
				B3BF61B2C823AA938CD52A10 /* Pods-Route TrackerTests.release.xcconfig */,
				BD93BCE45F75D93631E81918 /* Pods-Route TrackerUITests.debug.xcconfig */,
				51876ADBD4B9FF0C1B7F8A4C /* Pods-Route TrackerUITests.release.xcconfig */,
			);
			path = Pods;
			sourceTree = "<group>";
		};
		8420BF35230178970071F63A /* Root */ = {
			isa = PBXGroup;
			children = (
				84B7A7CE23014034001B4E92 /* ApplicationCoordinator.swift */,
			);
			path = Root;
			sourceTree = "<group>";
		};
		AA1831C322C8D97400BA0CB8 = {
			isa = PBXGroup;
			children = (
				AA1831CE22C8D97400BA0CB8 /* Route Tracker */,
				AA1831E322C8D97700BA0CB8 /* Route TrackerTests */,
				AA1831EE22C8D97700BA0CB8 /* Route TrackerUITests */,
				AA1831CD22C8D97400BA0CB8 /* Products */,
				4AB0624976D6BBE242159362 /* Pods */,
				44E70C65ABC308A92536AD71 /* Frameworks */,
			);
			sourceTree = "<group>";
		};
		AA1831CD22C8D97400BA0CB8 /* Products */ = {
			isa = PBXGroup;
			children = (
				AA1831CC22C8D97400BA0CB8 /* Route Tracker.app */,
				AA1831E022C8D97700BA0CB8 /* Route TrackerTests.xctest */,
				AA1831EB22C8D97700BA0CB8 /* Route TrackerUITests.xctest */,
			);
			name = Products;
			sourceTree = "<group>";
		};
		AA1831CE22C8D97400BA0CB8 /* Route Tracker */ = {
			isa = PBXGroup;
			children = (
				AA1831FD22C8DC0D00BA0CB8 /* App */,
				AA1831FE22C8DC1E00BA0CB8 /* Core */,
				AA1831FF22C8DC2700BA0CB8 /* Resources */,
				AA18320022C8DC3200BA0CB8 /* Environments */,
			);
			path = "Route Tracker";
			sourceTree = "<group>";
		};
		AA1831E322C8D97700BA0CB8 /* Route TrackerTests */ = {
			isa = PBXGroup;
			children = (
				AA1831E422C8D97700BA0CB8 /* Route_TrackerTests.swift */,
				AA1831E622C8D97700BA0CB8 /* Info.plist */,
			);
			path = "Route TrackerTests";
			sourceTree = "<group>";
		};
		AA1831EE22C8D97700BA0CB8 /* Route TrackerUITests */ = {
			isa = PBXGroup;
			children = (
				AA1831EF22C8D97700BA0CB8 /* Route_TrackerUITests.swift */,
				AA1831F122C8D97700BA0CB8 /* Info.plist */,
			);
			path = "Route TrackerUITests";
			sourceTree = "<group>";
		};
		AA1831FD22C8DC0D00BA0CB8 /* App */ = {
			isa = PBXGroup;
			children = (
				AA1831CF22C8D97400BA0CB8 /* AppDelegate.swift */,
				AA18320422C8DC5F00BA0CB8 /* BusinessLogic */,
				AA18320322C8DC5900BA0CB8 /* Entity */,
				AA18320222C8DC5000BA0CB8 /* Assembly */,
				AA18320122C8DC4800BA0CB8 /* Flows */,
			);
			path = App;
			sourceTree = "<group>";
		};
		AA1831FE22C8DC1E00BA0CB8 /* Core */ = {
			isa = PBXGroup;
			children = (
				AA18320A22C8E16100BA0CB8 /* Extensions */,
			);
			path = Core;
			sourceTree = "<group>";
		};
		AA1831FF22C8DC2700BA0CB8 /* Resources */ = {
			isa = PBXGroup;
			children = (
				AA1831D622C8D97700BA0CB8 /* Assets.xcassets */,
				AA1831D822C8D97700BA0CB8 /* LaunchScreen.storyboard */,
			);
			path = Resources;
			sourceTree = "<group>";
		};
		AA18320022C8DC3200BA0CB8 /* Environments */ = {
			isa = PBXGroup;
			children = (
				AA1831DB22C8D97700BA0CB8 /* Info.plist */,
			);
			path = Environments;
			sourceTree = "<group>";
		};
		AA18320122C8DC4800BA0CB8 /* Flows */ = {
			isa = PBXGroup;
			children = (
				8420BF35230178970071F63A /* Root */,
				AAB9359922FF273400232822 /* Login */,
				AAB935A822FF2F6600232822 /* Registration */,
				AAB9359E22FF2A1D00232822 /* Recovery */,
				AAB935A322FF2BA500232822 /* Main */,
				AA18320522C8DE1900BA0CB8 /* Map */,
			);
			path = Flows;
			sourceTree = "<group>";
		};
		AA18320222C8DC5000BA0CB8 /* Assembly */ = {
			isa = PBXGroup;
			children = (
			);
			path = Assembly;
			sourceTree = "<group>";
		};
		AA18320322C8DC5900BA0CB8 /* Entity */ = {
			isa = PBXGroup;
			children = (
				AA1885AA22E493DA003658F6 /* Coordinate.swift */,
				AAB935B422FF34C200232822 /* BaseRouter.swift */,
				AAB935BE22FF3CF100232822 /* User.swift */,
				84B7A7CC23013F8F001B4E92 /* BaseCoordinator.swift */,
			);
			path = Entity;
			sourceTree = "<group>";
		};
		AA18320422C8DC5F00BA0CB8 /* BusinessLogic */ = {
			isa = PBXGroup;
			children = (
				AAB935C222FF41B700232822 /* UserManager */,
				AA1885A822E49253003658F6 /* RealmService.swift */,
				AA1885AC22E4A4FD003658F6 /* LocalRouteFactory.swift */,
			);
			path = BusinessLogic;
			sourceTree = "<group>";
		};
		AA18320522C8DE1900BA0CB8 /* Map */ = {
			isa = PBXGroup;
			children = (
				AA18320622C8DE2C00BA0CB8 /* Map.storyboard */,
				AA18320822C8DE5100BA0CB8 /* MapViewController.swift */,
				84B7A7D8230171F2001B4E92 /* MapCoordinator.swift */,
			);
			path = Map;
			sourceTree = "<group>";
		};
		AA18320A22C8E16100BA0CB8 /* Extensions */ = {
			isa = PBXGroup;
			children = (
				AA18320B22C8E19400BA0CB8 /* GMSMapViewExtension.swift */,
				AAB935B222FF347300232822 /* ViewControllerNavigationExtension.swift */,
			);
			path = Extensions;
			sourceTree = "<group>";
		};
		AAB9359922FF273400232822 /* Login */ = {
			isa = PBXGroup;
			children = (
				AAB9359A22FF275500232822 /* Login.storyboard */,
				AAB9359C22FF282B00232822 /* LoginViewController.swift */,
				84B7A7D0230141CC001B4E92 /* LoginCoordinator.swift */,
			);
			path = Login;
			sourceTree = "<group>";
		};
		AAB9359E22FF2A1D00232822 /* Recovery */ = {
			isa = PBXGroup;
			children = (
				AAB9359F22FF2A3100232822 /* Recovery.storyboard */,
				AAB935A122FF2A9B00232822 /* RecoveryViewController.swift */,
				84B7A7D623015869001B4E92 /* RecoveryCoordinator.swift */,
			);
			path = Recovery;
			sourceTree = "<group>";
		};
		AAB935A322FF2BA500232822 /* Main */ = {
			isa = PBXGroup;
			children = (
				AAB935A422FF2BBB00232822 /* Main.storyboard */,
				AAB935A622FF2BC600232822 /* MainViewController.swift */,
				84B7A7D223014369001B4E92 /* MainCoordinator.swift */,
			);
			path = Main;
			sourceTree = "<group>";
		};
		AAB935A822FF2F6600232822 /* Registration */ = {
			isa = PBXGroup;
			children = (
				AAB935A922FF2F8100232822 /* Registration.storyboard */,
				AAB935AB22FF2F9200232822 /* RegistrationViewController.swift */,
				84B7A7D423015831001B4E92 /* RegistrationCoordinator.swift */,
			);
			path = Registration;
			sourceTree = "<group>";
		};
		AAB935C222FF41B700232822 /* UserManager */ = {
			isa = PBXGroup;
			children = (
				AAB935C322FF41D200232822 /* AbstractUserManager.swift */,
				AAB935C022FF3DDD00232822 /* RealmUserManager.swift */,
				AAB935C522FF424900232822 /* UserManagerFactory.swift */,
			);
			path = UserManager;
			sourceTree = "<group>";
		};
/* End PBXGroup section */

/* Begin PBXNativeTarget section */
		AA1831CB22C8D97400BA0CB8 /* Route Tracker */ = {
			isa = PBXNativeTarget;
			buildConfigurationList = AA1831F422C8D97700BA0CB8 /* Build configuration list for PBXNativeTarget "Route Tracker" */;
			buildPhases = (
				C12211BD4A2D63B680F6443A /* [CP] Check Pods Manifest.lock */,
				AA1831C822C8D97400BA0CB8 /* Sources */,
				AA1831C922C8D97400BA0CB8 /* Frameworks */,
				AA1831CA22C8D97400BA0CB8 /* Resources */,
				B414AD4561CE2C1BDE4522E1 /* [CP] Copy Pods Resources */,
				B406E4EF51B5AE3973A86406 /* [CP] Embed Pods Frameworks */,
			);
			buildRules = (
			);
			dependencies = (
			);
			name = "Route Tracker";
			productName = "Route Tracker";
			productReference = AA1831CC22C8D97400BA0CB8 /* Route Tracker.app */;
			productType = "com.apple.product-type.application";
		};
		AA1831DF22C8D97700BA0CB8 /* Route TrackerTests */ = {
			isa = PBXNativeTarget;
			buildConfigurationList = AA1831F722C8D97700BA0CB8 /* Build configuration list for PBXNativeTarget "Route TrackerTests" */;
			buildPhases = (
				9286093EEAF23C1F58434C4A /* [CP] Check Pods Manifest.lock */,
				AA1831DC22C8D97700BA0CB8 /* Sources */,
				AA1831DD22C8D97700BA0CB8 /* Frameworks */,
				AA1831DE22C8D97700BA0CB8 /* Resources */,
			);
			buildRules = (
			);
			dependencies = (
				AA1831E222C8D97700BA0CB8 /* PBXTargetDependency */,
			);
			name = "Route TrackerTests";
			productName = "Route TrackerTests";
			productReference = AA1831E022C8D97700BA0CB8 /* Route TrackerTests.xctest */;
			productType = "com.apple.product-type.bundle.unit-test";
		};
		AA1831EA22C8D97700BA0CB8 /* Route TrackerUITests */ = {
			isa = PBXNativeTarget;
			buildConfigurationList = AA1831FA22C8D97700BA0CB8 /* Build configuration list for PBXNativeTarget "Route TrackerUITests" */;
			buildPhases = (
				8C26FD3E2654E1D1602E7AF6 /* [CP] Check Pods Manifest.lock */,
				AA1831E722C8D97700BA0CB8 /* Sources */,
				AA1831E822C8D97700BA0CB8 /* Frameworks */,
				AA1831E922C8D97700BA0CB8 /* Resources */,
			);
			buildRules = (
			);
			dependencies = (
				AA1831ED22C8D97700BA0CB8 /* PBXTargetDependency */,
			);
			name = "Route TrackerUITests";
			productName = "Route TrackerUITests";
			productReference = AA1831EB22C8D97700BA0CB8 /* Route TrackerUITests.xctest */;
			productType = "com.apple.product-type.bundle.ui-testing";
		};
/* End PBXNativeTarget section */

/* Begin PBXProject section */
		AA1831C422C8D97400BA0CB8 /* Project object */ = {
			isa = PBXProject;
			attributes = {
				LastSwiftUpdateCheck = 1010;
				LastUpgradeCheck = 1010;
				TargetAttributes = {
					AA1831CB22C8D97400BA0CB8 = {
						CreatedOnToolsVersion = 10.1;
						SystemCapabilities = {
							com.apple.BackgroundModes = {
								enabled = 1;
							};
						};
					};
					AA1831DF22C8D97700BA0CB8 = {
						CreatedOnToolsVersion = 10.1;
						TestTargetID = AA1831CB22C8D97400BA0CB8;
					};
					AA1831EA22C8D97700BA0CB8 = {
						CreatedOnToolsVersion = 10.1;
						TestTargetID = AA1831CB22C8D97400BA0CB8;
					};
				};
			};
			buildConfigurationList = AA1831C722C8D97400BA0CB8 /* Build configuration list for PBXProject "Route Tracker" */;
			compatibilityVersion = "Xcode 9.3";
			developmentRegion = en;
			hasScannedForEncodings = 0;
			knownRegions = (
				en,
				Base,
			);
			mainGroup = AA1831C322C8D97400BA0CB8;
			productRefGroup = AA1831CD22C8D97400BA0CB8 /* Products */;
			projectDirPath = "";
			projectRoot = "";
			targets = (
				AA1831CB22C8D97400BA0CB8 /* Route Tracker */,
				AA1831DF22C8D97700BA0CB8 /* Route TrackerTests */,
				AA1831EA22C8D97700BA0CB8 /* Route TrackerUITests */,
			);
		};
/* End PBXProject section */

/* Begin PBXResourcesBuildPhase section */
		AA1831CA22C8D97400BA0CB8 /* Resources */ = {
			isa = PBXResourcesBuildPhase;
			buildActionMask = 2147483647;
			files = (
				AAB9359B22FF275500232822 /* Login.storyboard in Resources */,
				AA1831DA22C8D97700BA0CB8 /* LaunchScreen.storyboard in Resources */,
				AAB935A022FF2A3100232822 /* Recovery.storyboard in Resources */,
				AAB935AA22FF2F8100232822 /* Registration.storyboard in Resources */,
				AAB935A522FF2BBB00232822 /* Main.storyboard in Resources */,
				AA1831D722C8D97700BA0CB8 /* Assets.xcassets in Resources */,
				AA18320722C8DE2C00BA0CB8 /* Map.storyboard in Resources */,
			);
			runOnlyForDeploymentPostprocessing = 0;
		};
		AA1831DE22C8D97700BA0CB8 /* Resources */ = {
			isa = PBXResourcesBuildPhase;
			buildActionMask = 2147483647;
			files = (
			);
			runOnlyForDeploymentPostprocessing = 0;
		};
		AA1831E922C8D97700BA0CB8 /* Resources */ = {
			isa = PBXResourcesBuildPhase;
			buildActionMask = 2147483647;
			files = (
			);
			runOnlyForDeploymentPostprocessing = 0;
		};
/* End PBXResourcesBuildPhase section */

/* Begin PBXShellScriptBuildPhase section */
		8C26FD3E2654E1D1602E7AF6 /* [CP] Check Pods Manifest.lock */ = {
			isa = PBXShellScriptBuildPhase;
			buildActionMask = 2147483647;
			files = (
			);
			inputFileListPaths = (
			);
			inputPaths = (
				"${PODS_PODFILE_DIR_PATH}/Podfile.lock",
				"${PODS_ROOT}/Manifest.lock",
			);
			name = "[CP] Check Pods Manifest.lock";
			outputFileListPaths = (
			);
			outputPaths = (
				"$(DERIVED_FILE_DIR)/Pods-Route TrackerUITests-checkManifestLockResult.txt",
			);
			runOnlyForDeploymentPostprocessing = 0;
			shellPath = /bin/sh;
			shellScript = "diff \"${PODS_PODFILE_DIR_PATH}/Podfile.lock\" \"${PODS_ROOT}/Manifest.lock\" > /dev/null\nif [ $? != 0 ] ; then\n    # print error to STDERR\n    echo \"error: The sandbox is not in sync with the Podfile.lock. Run 'pod install' or update your CocoaPods installation.\" >&2\n    exit 1\nfi\n# This output is used by Xcode 'outputs' to avoid re-running this script phase.\necho \"SUCCESS\" > \"${SCRIPT_OUTPUT_FILE_0}\"\n";
			showEnvVarsInLog = 0;
		};
		9286093EEAF23C1F58434C4A /* [CP] Check Pods Manifest.lock */ = {
			isa = PBXShellScriptBuildPhase;
			buildActionMask = 2147483647;
			files = (
			);
			inputFileListPaths = (
			);
			inputPaths = (
				"${PODS_PODFILE_DIR_PATH}/Podfile.lock",
				"${PODS_ROOT}/Manifest.lock",
			);
			name = "[CP] Check Pods Manifest.lock";
			outputFileListPaths = (
			);
			outputPaths = (
				"$(DERIVED_FILE_DIR)/Pods-Route TrackerTests-checkManifestLockResult.txt",
			);
			runOnlyForDeploymentPostprocessing = 0;
			shellPath = /bin/sh;
			shellScript = "diff \"${PODS_PODFILE_DIR_PATH}/Podfile.lock\" \"${PODS_ROOT}/Manifest.lock\" > /dev/null\nif [ $? != 0 ] ; then\n    # print error to STDERR\n    echo \"error: The sandbox is not in sync with the Podfile.lock. Run 'pod install' or update your CocoaPods installation.\" >&2\n    exit 1\nfi\n# This output is used by Xcode 'outputs' to avoid re-running this script phase.\necho \"SUCCESS\" > \"${SCRIPT_OUTPUT_FILE_0}\"\n";
			showEnvVarsInLog = 0;
		};
		B406E4EF51B5AE3973A86406 /* [CP] Embed Pods Frameworks */ = {
			isa = PBXShellScriptBuildPhase;
			buildActionMask = 2147483647;
			files = (
			);
			inputFileListPaths = (
			);
			inputPaths = (
				"${PODS_ROOT}/Target Support Files/Pods-Route Tracker/Pods-Route Tracker-frameworks.sh",
				"${BUILT_PRODUCTS_DIR}/PinLayout/PinLayout.framework",
				"${BUILT_PRODUCTS_DIR}/Realm/Realm.framework",
				"${BUILT_PRODUCTS_DIR}/RealmSwift/RealmSwift.framework",
			);
			name = "[CP] Embed Pods Frameworks";
			outputFileListPaths = (
			);
			outputPaths = (
				"${TARGET_BUILD_DIR}/${FRAMEWORKS_FOLDER_PATH}/PinLayout.framework",
				"${TARGET_BUILD_DIR}/${FRAMEWORKS_FOLDER_PATH}/Realm.framework",
				"${TARGET_BUILD_DIR}/${FRAMEWORKS_FOLDER_PATH}/RealmSwift.framework",
			);
			runOnlyForDeploymentPostprocessing = 0;
			shellPath = /bin/sh;
			shellScript = "\"${PODS_ROOT}/Target Support Files/Pods-Route Tracker/Pods-Route Tracker-frameworks.sh\"\n";
			showEnvVarsInLog = 0;
		};
		B414AD4561CE2C1BDE4522E1 /* [CP] Copy Pods Resources */ = {
			isa = PBXShellScriptBuildPhase;
			buildActionMask = 2147483647;
			files = (
			);
			inputFileListPaths = (
			);
			inputPaths = (
				"${PODS_ROOT}/Target Support Files/Pods-Route Tracker/Pods-Route Tracker-resources.sh",
				"${PODS_ROOT}/GoogleMaps/Maps/Frameworks/GoogleMaps.framework/Resources/GoogleMaps.bundle",
			);
			name = "[CP] Copy Pods Resources";
			outputFileListPaths = (
			);
			outputPaths = (
				"${TARGET_BUILD_DIR}/${UNLOCALIZED_RESOURCES_FOLDER_PATH}/GoogleMaps.bundle",
			);
			runOnlyForDeploymentPostprocessing = 0;
			shellPath = /bin/sh;
			shellScript = "\"${PODS_ROOT}/Target Support Files/Pods-Route Tracker/Pods-Route Tracker-resources.sh\"\n";
			showEnvVarsInLog = 0;
		};
		C12211BD4A2D63B680F6443A /* [CP] Check Pods Manifest.lock */ = {
			isa = PBXShellScriptBuildPhase;
			buildActionMask = 2147483647;
			files = (
			);
			inputFileListPaths = (
			);
			inputPaths = (
				"${PODS_PODFILE_DIR_PATH}/Podfile.lock",
				"${PODS_ROOT}/Manifest.lock",
			);
			name = "[CP] Check Pods Manifest.lock";
			outputFileListPaths = (
			);
			outputPaths = (
				"$(DERIVED_FILE_DIR)/Pods-Route Tracker-checkManifestLockResult.txt",
			);
			runOnlyForDeploymentPostprocessing = 0;
			shellPath = /bin/sh;
			shellScript = "diff \"${PODS_PODFILE_DIR_PATH}/Podfile.lock\" \"${PODS_ROOT}/Manifest.lock\" > /dev/null\nif [ $? != 0 ] ; then\n    # print error to STDERR\n    echo \"error: The sandbox is not in sync with the Podfile.lock. Run 'pod install' or update your CocoaPods installation.\" >&2\n    exit 1\nfi\n# This output is used by Xcode 'outputs' to avoid re-running this script phase.\necho \"SUCCESS\" > \"${SCRIPT_OUTPUT_FILE_0}\"\n";
			showEnvVarsInLog = 0;
		};
/* End PBXShellScriptBuildPhase section */

/* Begin PBXSourcesBuildPhase section */
		AA1831C822C8D97400BA0CB8 /* Sources */ = {
			isa = PBXSourcesBuildPhase;
			buildActionMask = 2147483647;
			files = (
				AAB9359D22FF282B00232822 /* LoginViewController.swift in Sources */,
				84B7A7D323014369001B4E92 /* MainCoordinator.swift in Sources */,
				AA1831D022C8D97400BA0CB8 /* AppDelegate.swift in Sources */,
				AAB935B322FF347300232822 /* ViewControllerNavigationExtension.swift in Sources */,
				84B7A7CD23013F8F001B4E92 /* BaseCoordinator.swift in Sources */,
				AA18320922C8DE5100BA0CB8 /* MapViewController.swift in Sources */,
				AA1885AD22E4A4FD003658F6 /* LocalRouteFactory.swift in Sources */,
				84B7A7D523015831001B4E92 /* RegistrationCoordinator.swift in Sources */,
				AAB935C422FF41D200232822 /* AbstractUserManager.swift in Sources */,
				AAB935BF22FF3CF100232822 /* User.swift in Sources */,
				AAB935C122FF3DDD00232822 /* RealmUserManager.swift in Sources */,
				AAB935AC22FF2F9200232822 /* RegistrationViewController.swift in Sources */,
				AA18320C22C8E19400BA0CB8 /* GMSMapViewExtension.swift in Sources */,
				AAB935B522FF34C200232822 /* BaseRouter.swift in Sources */,
				AAB935C622FF424900232822 /* UserManagerFactory.swift in Sources */,
				84B7A7D723015869001B4E92 /* RecoveryCoordinator.swift in Sources */,
				AAB935A222FF2A9B00232822 /* RecoveryViewController.swift in Sources */,
				AAB935A722FF2BC600232822 /* MainViewController.swift in Sources */,
				84B7A7D1230141CC001B4E92 /* LoginCoordinator.swift in Sources */,
				AA1885AB22E493DA003658F6 /* Coordinate.swift in Sources */,
				AA1885A922E49253003658F6 /* RealmService.swift in Sources */,
				84B7A7CF23014034001B4E92 /* ApplicationCoordinator.swift in Sources */,
				84B7A7D9230171F2001B4E92 /* MapCoordinator.swift in Sources */,
			);
			runOnlyForDeploymentPostprocessing = 0;
		};
		AA1831DC22C8D97700BA0CB8 /* Sources */ = {
			isa = PBXSourcesBuildPhase;
			buildActionMask = 2147483647;
			files = (
				AA1831E522C8D97700BA0CB8 /* Route_TrackerTests.swift in Sources */,
			);
			runOnlyForDeploymentPostprocessing = 0;
		};
		AA1831E722C8D97700BA0CB8 /* Sources */ = {
			isa = PBXSourcesBuildPhase;
			buildActionMask = 2147483647;
			files = (
				AA1831F022C8D97700BA0CB8 /* Route_TrackerUITests.swift in Sources */,
			);
			runOnlyForDeploymentPostprocessing = 0;
		};
/* End PBXSourcesBuildPhase section */

/* Begin PBXTargetDependency section */
		AA1831E222C8D97700BA0CB8 /* PBXTargetDependency */ = {
			isa = PBXTargetDependency;
			target = AA1831CB22C8D97400BA0CB8 /* Route Tracker */;
			targetProxy = AA1831E122C8D97700BA0CB8 /* PBXContainerItemProxy */;
		};
		AA1831ED22C8D97700BA0CB8 /* PBXTargetDependency */ = {
			isa = PBXTargetDependency;
			target = AA1831CB22C8D97400BA0CB8 /* Route Tracker */;
			targetProxy = AA1831EC22C8D97700BA0CB8 /* PBXContainerItemProxy */;
		};
/* End PBXTargetDependency section */

/* Begin PBXVariantGroup section */
		AA1831D822C8D97700BA0CB8 /* LaunchScreen.storyboard */ = {
			isa = PBXVariantGroup;
			children = (
				AA1831D922C8D97700BA0CB8 /* Base */,
			);
			name = LaunchScreen.storyboard;
			sourceTree = "<group>";
		};
/* End PBXVariantGroup section */

/* Begin XCBuildConfiguration section */
		AA1831F222C8D97700BA0CB8 /* Debug */ = {
			isa = XCBuildConfiguration;
			buildSettings = {
				ALWAYS_SEARCH_USER_PATHS = NO;
				CLANG_ANALYZER_NONNULL = YES;
				CLANG_ANALYZER_NUMBER_OBJECT_CONVERSION = YES_AGGRESSIVE;
				CLANG_CXX_LANGUAGE_STANDARD = "gnu++14";
				CLANG_CXX_LIBRARY = "libc++";
				CLANG_ENABLE_MODULES = YES;
				CLANG_ENABLE_OBJC_ARC = YES;
				CLANG_ENABLE_OBJC_WEAK = YES;
				CLANG_WARN_BLOCK_CAPTURE_AUTORELEASING = YES;
				CLANG_WARN_BOOL_CONVERSION = YES;
				CLANG_WARN_COMMA = YES;
				CLANG_WARN_CONSTANT_CONVERSION = YES;
				CLANG_WARN_DEPRECATED_OBJC_IMPLEMENTATIONS = YES;
				CLANG_WARN_DIRECT_OBJC_ISA_USAGE = YES_ERROR;
				CLANG_WARN_DOCUMENTATION_COMMENTS = YES;
				CLANG_WARN_EMPTY_BODY = YES;
				CLANG_WARN_ENUM_CONVERSION = YES;
				CLANG_WARN_INFINITE_RECURSION = YES;
				CLANG_WARN_INT_CONVERSION = YES;
				CLANG_WARN_NON_LITERAL_NULL_CONVERSION = YES;
				CLANG_WARN_OBJC_IMPLICIT_RETAIN_SELF = YES;
				CLANG_WARN_OBJC_LITERAL_CONVERSION = YES;
				CLANG_WARN_OBJC_ROOT_CLASS = YES_ERROR;
				CLANG_WARN_RANGE_LOOP_ANALYSIS = YES;
				CLANG_WARN_STRICT_PROTOTYPES = YES;
				CLANG_WARN_SUSPICIOUS_MOVE = YES;
				CLANG_WARN_UNGUARDED_AVAILABILITY = YES_AGGRESSIVE;
				CLANG_WARN_UNREACHABLE_CODE = YES;
				CLANG_WARN__DUPLICATE_METHOD_MATCH = YES;
				CODE_SIGN_IDENTITY = "iPhone Developer";
				COPY_PHASE_STRIP = NO;
				DEBUG_INFORMATION_FORMAT = dwarf;
				ENABLE_STRICT_OBJC_MSGSEND = YES;
				ENABLE_TESTABILITY = YES;
				GCC_C_LANGUAGE_STANDARD = gnu11;
				GCC_DYNAMIC_NO_PIC = NO;
				GCC_NO_COMMON_BLOCKS = YES;
				GCC_OPTIMIZATION_LEVEL = 0;
				GCC_PREPROCESSOR_DEFINITIONS = (
					"DEBUG=1",
					"$(inherited)",
				);
				GCC_WARN_64_TO_32_BIT_CONVERSION = YES;
				GCC_WARN_ABOUT_RETURN_TYPE = YES_ERROR;
				GCC_WARN_UNDECLARED_SELECTOR = YES;
				GCC_WARN_UNINITIALIZED_AUTOS = YES_AGGRESSIVE;
				GCC_WARN_UNUSED_FUNCTION = YES;
				GCC_WARN_UNUSED_VARIABLE = YES;
				IPHONEOS_DEPLOYMENT_TARGET = 12.1;
				MTL_ENABLE_DEBUG_INFO = INCLUDE_SOURCE;
				MTL_FAST_MATH = YES;
				ONLY_ACTIVE_ARCH = YES;
				SDKROOT = iphoneos;
				SWIFT_ACTIVE_COMPILATION_CONDITIONS = DEBUG;
				SWIFT_OPTIMIZATION_LEVEL = "-Onone";
			};
			name = Debug;
		};
		AA1831F322C8D97700BA0CB8 /* Release */ = {
			isa = XCBuildConfiguration;
			buildSettings = {
				ALWAYS_SEARCH_USER_PATHS = NO;
				CLANG_ANALYZER_NONNULL = YES;
				CLANG_ANALYZER_NUMBER_OBJECT_CONVERSION = YES_AGGRESSIVE;
				CLANG_CXX_LANGUAGE_STANDARD = "gnu++14";
				CLANG_CXX_LIBRARY = "libc++";
				CLANG_ENABLE_MODULES = YES;
				CLANG_ENABLE_OBJC_ARC = YES;
				CLANG_ENABLE_OBJC_WEAK = YES;
				CLANG_WARN_BLOCK_CAPTURE_AUTORELEASING = YES;
				CLANG_WARN_BOOL_CONVERSION = YES;
				CLANG_WARN_COMMA = YES;
				CLANG_WARN_CONSTANT_CONVERSION = YES;
				CLANG_WARN_DEPRECATED_OBJC_IMPLEMENTATIONS = YES;
				CLANG_WARN_DIRECT_OBJC_ISA_USAGE = YES_ERROR;
				CLANG_WARN_DOCUMENTATION_COMMENTS = YES;
				CLANG_WARN_EMPTY_BODY = YES;
				CLANG_WARN_ENUM_CONVERSION = YES;
				CLANG_WARN_INFINITE_RECURSION = YES;
				CLANG_WARN_INT_CONVERSION = YES;
				CLANG_WARN_NON_LITERAL_NULL_CONVERSION = YES;
				CLANG_WARN_OBJC_IMPLICIT_RETAIN_SELF = YES;
				CLANG_WARN_OBJC_LITERAL_CONVERSION = YES;
				CLANG_WARN_OBJC_ROOT_CLASS = YES_ERROR;
				CLANG_WARN_RANGE_LOOP_ANALYSIS = YES;
				CLANG_WARN_STRICT_PROTOTYPES = YES;
				CLANG_WARN_SUSPICIOUS_MOVE = YES;
				CLANG_WARN_UNGUARDED_AVAILABILITY = YES_AGGRESSIVE;
				CLANG_WARN_UNREACHABLE_CODE = YES;
				CLANG_WARN__DUPLICATE_METHOD_MATCH = YES;
				CODE_SIGN_IDENTITY = "iPhone Developer";
				COPY_PHASE_STRIP = NO;
				DEBUG_INFORMATION_FORMAT = "dwarf-with-dsym";
				ENABLE_NS_ASSERTIONS = NO;
				ENABLE_STRICT_OBJC_MSGSEND = YES;
				GCC_C_LANGUAGE_STANDARD = gnu11;
				GCC_NO_COMMON_BLOCKS = YES;
				GCC_WARN_64_TO_32_BIT_CONVERSION = YES;
				GCC_WARN_ABOUT_RETURN_TYPE = YES_ERROR;
				GCC_WARN_UNDECLARED_SELECTOR = YES;
				GCC_WARN_UNINITIALIZED_AUTOS = YES_AGGRESSIVE;
				GCC_WARN_UNUSED_FUNCTION = YES;
				GCC_WARN_UNUSED_VARIABLE = YES;
				IPHONEOS_DEPLOYMENT_TARGET = 12.1;
				MTL_ENABLE_DEBUG_INFO = NO;
				MTL_FAST_MATH = YES;
				SDKROOT = iphoneos;
				SWIFT_COMPILATION_MODE = wholemodule;
				SWIFT_OPTIMIZATION_LEVEL = "-O";
				VALIDATE_PRODUCT = YES;
			};
			name = Release;
		};
		AA1831F522C8D97700BA0CB8 /* Debug */ = {
			isa = XCBuildConfiguration;
			baseConfigurationReference = 8527E731A7C02284CCC5E4EB /* Pods-Route Tracker.debug.xcconfig */;
			buildSettings = {
				ASSETCATALOG_COMPILER_APPICON_NAME = AppIcon;
				CODE_SIGN_STYLE = Automatic;
				DEVELOPMENT_TEAM = 7J4TANDD7J;
				INFOPLIST_FILE = "$(SRCROOT)/Route Tracker/Environments/Info.plist";
				LD_RUNPATH_SEARCH_PATHS = (
					"$(inherited)",
					"@executable_path/Frameworks",
				);
				PRODUCT_BUNDLE_IDENTIFIER = "ru.marat.Route-Tracker";
				PRODUCT_NAME = "$(TARGET_NAME)";
				SWIFT_VERSION = 4.2;
				TARGETED_DEVICE_FAMILY = "1,2";
			};
			name = Debug;
		};
		AA1831F622C8D97700BA0CB8 /* Release */ = {
			isa = XCBuildConfiguration;
			baseConfigurationReference = CCB67B00E67543FC0435082F /* Pods-Route Tracker.release.xcconfig */;
			buildSettings = {
				ASSETCATALOG_COMPILER_APPICON_NAME = AppIcon;
				CODE_SIGN_STYLE = Automatic;
				DEVELOPMENT_TEAM = 7J4TANDD7J;
				INFOPLIST_FILE = "$(SRCROOT)/Route Tracker/Environments/Info.plist";
				LD_RUNPATH_SEARCH_PATHS = (
					"$(inherited)",
					"@executable_path/Frameworks",
				);
				PRODUCT_BUNDLE_IDENTIFIER = "ru.marat.Route-Tracker";
				PRODUCT_NAME = "$(TARGET_NAME)";
				SWIFT_VERSION = 4.2;
				TARGETED_DEVICE_FAMILY = "1,2";
			};
			name = Release;
		};
		AA1831F822C8D97700BA0CB8 /* Debug */ = {
			isa = XCBuildConfiguration;
			baseConfigurationReference = 78A8E4AFB42A87D358422DB9 /* Pods-Route TrackerTests.debug.xcconfig */;
			buildSettings = {
				ALWAYS_EMBED_SWIFT_STANDARD_LIBRARIES = YES;
				BUNDLE_LOADER = "$(TEST_HOST)";
				CODE_SIGN_STYLE = Automatic;
				DEVELOPMENT_TEAM = 7J4TANDD7J;
				INFOPLIST_FILE = "Route TrackerTests/Info.plist";
				LD_RUNPATH_SEARCH_PATHS = (
					"$(inherited)",
					"@executable_path/Frameworks",
					"@loader_path/Frameworks",
				);
				PRODUCT_BUNDLE_IDENTIFIER = "ru.marat.Route-TrackerTests";
				PRODUCT_NAME = "$(TARGET_NAME)";
				SWIFT_VERSION = 4.2;
				TARGETED_DEVICE_FAMILY = "1,2";
				TEST_HOST = "$(BUILT_PRODUCTS_DIR)/Route Tracker.app/Route Tracker";
			};
			name = Debug;
		};
		AA1831F922C8D97700BA0CB8 /* Release */ = {
			isa = XCBuildConfiguration;
			baseConfigurationReference = B3BF61B2C823AA938CD52A10 /* Pods-Route TrackerTests.release.xcconfig */;
			buildSettings = {
				ALWAYS_EMBED_SWIFT_STANDARD_LIBRARIES = YES;
				BUNDLE_LOADER = "$(TEST_HOST)";
				CODE_SIGN_STYLE = Automatic;
				DEVELOPMENT_TEAM = 7J4TANDD7J;
				INFOPLIST_FILE = "Route TrackerTests/Info.plist";
				LD_RUNPATH_SEARCH_PATHS = (
					"$(inherited)",
					"@executable_path/Frameworks",
					"@loader_path/Frameworks",
				);
				PRODUCT_BUNDLE_IDENTIFIER = "ru.marat.Route-TrackerTests";
				PRODUCT_NAME = "$(TARGET_NAME)";
				SWIFT_VERSION = 4.2;
				TARGETED_DEVICE_FAMILY = "1,2";
				TEST_HOST = "$(BUILT_PRODUCTS_DIR)/Route Tracker.app/Route Tracker";
			};
			name = Release;
		};
		AA1831FB22C8D97700BA0CB8 /* Debug */ = {
			isa = XCBuildConfiguration;
			baseConfigurationReference = BD93BCE45F75D93631E81918 /* Pods-Route TrackerUITests.debug.xcconfig */;
			buildSettings = {
				ALWAYS_EMBED_SWIFT_STANDARD_LIBRARIES = YES;
				CODE_SIGN_STYLE = Automatic;
				DEVELOPMENT_TEAM = 7J4TANDD7J;
				INFOPLIST_FILE = "Route TrackerUITests/Info.plist";
				LD_RUNPATH_SEARCH_PATHS = (
					"$(inherited)",
					"@executable_path/Frameworks",
					"@loader_path/Frameworks",
				);
				PRODUCT_BUNDLE_IDENTIFIER = "ru.marat.Route-TrackerUITests";
				PRODUCT_NAME = "$(TARGET_NAME)";
				SWIFT_VERSION = 4.2;
				TARGETED_DEVICE_FAMILY = "1,2";
				TEST_TARGET_NAME = "Route Tracker";
			};
			name = Debug;
		};
		AA1831FC22C8D97700BA0CB8 /* Release */ = {
			isa = XCBuildConfiguration;
			baseConfigurationReference = 51876ADBD4B9FF0C1B7F8A4C /* Pods-Route TrackerUITests.release.xcconfig */;
			buildSettings = {
				ALWAYS_EMBED_SWIFT_STANDARD_LIBRARIES = YES;
				CODE_SIGN_STYLE = Automatic;
				DEVELOPMENT_TEAM = 7J4TANDD7J;
				INFOPLIST_FILE = "Route TrackerUITests/Info.plist";
				LD_RUNPATH_SEARCH_PATHS = (
					"$(inherited)",
					"@executable_path/Frameworks",
					"@loader_path/Frameworks",
				);
				PRODUCT_BUNDLE_IDENTIFIER = "ru.marat.Route-TrackerUITests";
				PRODUCT_NAME = "$(TARGET_NAME)";
				SWIFT_VERSION = 4.2;
				TARGETED_DEVICE_FAMILY = "1,2";
				TEST_TARGET_NAME = "Route Tracker";
			};
			name = Release;
		};
/* End XCBuildConfiguration section */

/* Begin XCConfigurationList section */
		AA1831C722C8D97400BA0CB8 /* Build configuration list for PBXProject "Route Tracker" */ = {
			isa = XCConfigurationList;
			buildConfigurations = (
				AA1831F222C8D97700BA0CB8 /* Debug */,
				AA1831F322C8D97700BA0CB8 /* Release */,
			);
			defaultConfigurationIsVisible = 0;
			defaultConfigurationName = Release;
		};
		AA1831F422C8D97700BA0CB8 /* Build configuration list for PBXNativeTarget "Route Tracker" */ = {
			isa = XCConfigurationList;
			buildConfigurations = (
				AA1831F522C8D97700BA0CB8 /* Debug */,
				AA1831F622C8D97700BA0CB8 /* Release */,
			);
			defaultConfigurationIsVisible = 0;
			defaultConfigurationName = Release;
		};
		AA1831F722C8D97700BA0CB8 /* Build configuration list for PBXNativeTarget "Route TrackerTests" */ = {
			isa = XCConfigurationList;
			buildConfigurations = (
				AA1831F822C8D97700BA0CB8 /* Debug */,
				AA1831F922C8D97700BA0CB8 /* Release */,
			);
			defaultConfigurationIsVisible = 0;
			defaultConfigurationName = Release;
		};
		AA1831FA22C8D97700BA0CB8 /* Build configuration list for PBXNativeTarget "Route TrackerUITests" */ = {
			isa = XCConfigurationList;
			buildConfigurations = (
				AA1831FB22C8D97700BA0CB8 /* Debug */,
				AA1831FC22C8D97700BA0CB8 /* Release */,
			);
			defaultConfigurationIsVisible = 0;
			defaultConfigurationName = Release;
		};
/* End XCConfigurationList section */
	};
	rootObject = AA1831C422C8D97400BA0CB8 /* Project object */;
}
